
Microsoft Visual Studio Solution File, Format Version 12.00
# Visual Studio Version 17
VisualStudioVersion = 17.0.32112.339
MinimumVisualStudioVersion = 10.0.40219.1
Project("{FAE04EC0-301F-11D3-BF4B-00C04F79EFBC}") = "PiGPS", "PiGPS\PiGPS.csproj", "{6C2E8A37-7BE6-480F-B192-58FDC4C94FE1}"
EndProject
Global
	GlobalSection(SolutionConfigurationPlatforms) = preSolution
		Debug|Any CPU = Debug|Any CPU
		Release|Any CPU = Release|Any CPU
	EndGlobalSection
	GlobalSection(ProjectConfigurationPlatforms) = postSolution
		{6C2E8A37-7BE6-480F-B192-58FDC4C94FE1}.Debug|Any CPU.ActiveCfg = Debug|Any CPU
		{6C2E8A37-7BE6-480F-B192-58FDC4C94FE1}.Debug|Any CPU.Build.0 = Debug|Any CPU
		{6C2E8A37-7BE6-480F-B192-58FDC4C94FE1}.Release|Any CPU.ActiveCfg = Release|Any CPU
		{6C2E8A37-7BE6-480F-B192-58FDC4C94FE1}.Release|Any CPU.Build.0 = Release|Any CPU
	EndGlobalSection
	GlobalSection(SolutionProperties) = preSolution
		HideSolutionNode = FALSE
	EndGlobalSection
	GlobalSection(ExtensibilityGlobals) = postSolution
		SolutionGuid = {705E56CC-44B5-411E-968B-D3CDB586C8C0}
	EndGlobalSection
EndGlobal
